
Microsoft Visual Studio Solution File, Format Version 12.00
# Visual Studio 15
VisualStudioVersion = 15.0.28307.421
MinimumVisualStudioVersion = 10.0.40219.1
Project("{FAE04EC0-301F-11D3-BF4B-00C04F79EFBC}") = "Dotnet_Doc", "Dotnet_Doc.csproj", "{ED2C2514-7CD6-47F4-8243-7E28F9040633}"
EndProject
Global
	GlobalSection(SolutionConfigurationPlatforms) = preSolution
		Debug|Any CPU = Debug|Any CPU
		Release|Any CPU = Release|Any CPU
	EndGlobalSection
	GlobalSection(ProjectConfigurationPlatforms) = postSolution
		{ED2C2514-7CD6-47F4-8243-7E28F9040633}.Debug|Any CPU.ActiveCfg = Debug|Any CPU
		{ED2C2514-7CD6-47F4-8243-7E28F9040633}.Debug|Any CPU.Build.0 = Debug|Any CPU
		{ED2C2514-7CD6-47F4-8243-7E28F9040633}.Release|Any CPU.ActiveCfg = Release|Any CPU
		{ED2C2514-7CD6-47F4-8243-7E28F9040633}.Release|Any CPU.Build.0 = Release|Any CPU
	EndGlobalSection
	GlobalSection(SolutionProperties) = preSolution
		HideSolutionNode = FALSE
	EndGlobalSection
	GlobalSection(ExtensibilityGlobals) = postSolution
		SolutionGuid = {7AEDAC52-A9DE-4A5C-A773-24D0C98DAF10}
	EndGlobalSection
EndGlobal
